
Microsoft Visual Studio Solution File, Format Version 12.00
# Visual Studio Version 17
VisualStudioVersion = 17.9.34723.18
MinimumVisualStudioVersion = 10.0.40219.1
Project("{9A19103F-16F7-4668-BE54-9A1E7A4F7556}") = "ConcertAll.Api", "ConcertAll.api\ConcertAll.Api.csproj", "{70B43115-22C5-4E7C-9487-7F07EEBC031E}"
EndProject
Project("{9A19103F-16F7-4668-BE54-9A1E7A4F7556}") = "ConcertAll.Entities", "ConcertAll.Entities\ConcertAll.Entities.csproj", "{2A203C24-B236-4DA9-ABBD-F32725DFCEE5}"
EndProject
Project("{9A19103F-16F7-4668-BE54-9A1E7A4F7556}") = "ConcertAll.Repositories", "ConcertAll.Repositories\ConcertAll.Repositories.csproj", "{AA22E082-1B36-4D91-9A02-E9D55D0886F7}"
EndProject
Project("{9A19103F-16F7-4668-BE54-9A1E7A4F7556}") = "ConcertAll.Persistence", "ConcertAll.Persistence\ConcertAll.Persistence.csproj", "{F8CFCCA2-5C2A-421A-9172-51A20F33236C}"
EndProject
Project("{9A19103F-16F7-4668-BE54-9A1E7A4F7556}") = "ConcertAll.Dto", "ConcertAll.Dto\ConcertAll.Dto.csproj", "{795E41DD-667E-4148-B7B7-7A4176BA9FAC}"
EndProject
Project("{FAE04EC0-301F-11D3-BF4B-00C04F79EFBC}") = "ConcertAll.Services", "ConcertAll.Services\ConcertAll.Services.csproj", "{FCA21581-1334-43D7-A0CC-E0AD58F8501B}"
EndProject
Global
	GlobalSection(SolutionConfigurationPlatforms) = preSolution
		Debug|Any CPU = Debug|Any CPU
		Release|Any CPU = Release|Any CPU
	EndGlobalSection
	GlobalSection(ProjectConfigurationPlatforms) = postSolution
		{70B43115-22C5-4E7C-9487-7F07EEBC031E}.Debug|Any CPU.ActiveCfg = Debug|Any CPU
		{70B43115-22C5-4E7C-9487-7F07EEBC031E}.Debug|Any CPU.Build.0 = Debug|Any CPU
		{70B43115-22C5-4E7C-9487-7F07EEBC031E}.Release|Any CPU.ActiveCfg = Release|Any CPU
		{70B43115-22C5-4E7C-9487-7F07EEBC031E}.Release|Any CPU.Build.0 = Release|Any CPU
		{2A203C24-B236-4DA9-ABBD-F32725DFCEE5}.Debug|Any CPU.ActiveCfg = Debug|Any CPU
		{2A203C24-B236-4DA9-ABBD-F32725DFCEE5}.Debug|Any CPU.Build.0 = Debug|Any CPU
		{2A203C24-B236-4DA9-ABBD-F32725DFCEE5}.Release|Any CPU.ActiveCfg = Release|Any CPU
		{2A203C24-B236-4DA9-ABBD-F32725DFCEE5}.Release|Any CPU.Build.0 = Release|Any CPU
		{AA22E082-1B36-4D91-9A02-E9D55D0886F7}.Debug|Any CPU.ActiveCfg = Debug|Any CPU
		{AA22E082-1B36-4D91-9A02-E9D55D0886F7}.Debug|Any CPU.Build.0 = Debug|Any CPU
		{AA22E082-1B36-4D91-9A02-E9D55D0886F7}.Release|Any CPU.ActiveCfg = Release|Any CPU
		{AA22E082-1B36-4D91-9A02-E9D55D0886F7}.Release|Any CPU.Build.0 = Release|Any CPU
		{F8CFCCA2-5C2A-421A-9172-51A20F33236C}.Debug|Any CPU.ActiveCfg = Debug|Any CPU
		{F8CFCCA2-5C2A-421A-9172-51A20F33236C}.Debug|Any CPU.Build.0 = Debug|Any CPU
		{F8CFCCA2-5C2A-421A-9172-51A20F33236C}.Release|Any CPU.ActiveCfg = Release|Any CPU
		{F8CFCCA2-5C2A-421A-9172-51A20F33236C}.Release|Any CPU.Build.0 = Release|Any CPU
		{795E41DD-667E-4148-B7B7-7A4176BA9FAC}.Debug|Any CPU.ActiveCfg = Debug|Any CPU
		{795E41DD-667E-4148-B7B7-7A4176BA9FAC}.Debug|Any CPU.Build.0 = Debug|Any CPU
		{795E41DD-667E-4148-B7B7-7A4176BA9FAC}.Release|Any CPU.ActiveCfg = Release|Any CPU
		{795E41DD-667E-4148-B7B7-7A4176BA9FAC}.Release|Any CPU.Build.0 = Release|Any CPU
		{FCA21581-1334-43D7-A0CC-E0AD58F8501B}.Debug|Any CPU.ActiveCfg = Debug|Any CPU
		{FCA21581-1334-43D7-A0CC-E0AD58F8501B}.Debug|Any CPU.Build.0 = Debug|Any CPU
		{FCA21581-1334-43D7-A0CC-E0AD58F8501B}.Release|Any CPU.ActiveCfg = Release|Any CPU
		{FCA21581-1334-43D7-A0CC-E0AD58F8501B}.Release|Any CPU.Build.0 = Release|Any CPU
	EndGlobalSection
	GlobalSection(SolutionProperties) = preSolution
		HideSolutionNode = FALSE
	EndGlobalSection
	GlobalSection(ExtensibilityGlobals) = postSolution
		SolutionGuid = {26D67923-F1FD-41E3-95F0-435C70CA09FB}
	EndGlobalSection
EndGlobal
